
Microsoft Visual Studio Solution File, Format Version 12.00
# Visual Studio 15
VisualStudioVersion = 15.0.28307.136
MinimumVisualStudioVersion = 10.0.40219.1
Project("{F184B08F-C81C-45F6-A57F-5ABD9991F28F}") = "TurfCalculator", "TurfCalculator\TurfCalculator.vbproj", "{A1E9CB49-559D-47BF-BBEE-3958DB6AC052}"
EndProject
Global
	GlobalSection(SolutionConfigurationPlatforms) = preSolution
		Debug|Any CPU = Debug|Any CPU
		Debug|x64 = Debug|x64
		Release|Any CPU = Release|Any CPU
		Release|x64 = Release|x64
	EndGlobalSection
	GlobalSection(ProjectConfigurationPlatforms) = postSolution
		{A1E9CB49-559D-47BF-BBEE-3958DB6AC052}.Debug|Any CPU.ActiveCfg = Debug|Any CPU
		{A1E9CB49-559D-47BF-BBEE-3958DB6AC052}.Debug|Any CPU.Build.0 = Debug|Any CPU
		{A1E9CB49-559D-47BF-BBEE-3958DB6AC052}.Debug|x64.ActiveCfg = Release|x64
		{A1E9CB49-559D-47BF-BBEE-3958DB6AC052}.Debug|x64.Build.0 = Release|x64
		{A1E9CB49-559D-47BF-BBEE-3958DB6AC052}.Release|Any CPU.ActiveCfg = Release|Any CPU
		{A1E9CB49-559D-47BF-BBEE-3958DB6AC052}.Release|Any CPU.Build.0 = Release|Any CPU
		{A1E9CB49-559D-47BF-BBEE-3958DB6AC052}.Release|x64.ActiveCfg = Release|x64
		{A1E9CB49-559D-47BF-BBEE-3958DB6AC052}.Release|x64.Build.0 = Release|x64
	EndGlobalSection
	GlobalSection(SolutionProperties) = preSolution
		HideSolutionNode = FALSE
	EndGlobalSection
	GlobalSection(ExtensibilityGlobals) = postSolution
		SolutionGuid = {05A320E1-E728-436A-B052-2E44893B0429}
	EndGlobalSection
EndGlobal
